
Microsoft Visual Studio Solution File, Format Version 12.00
# Visual Studio Version 17
VisualStudioVersion = 17.11.35208.52
MinimumVisualStudioVersion = 10.0.40219.1
Project("{FAE04EC0-301F-11D3-BF4B-00C04F79EFBC}") = "imageAnalyzer", "imageAnalyzer\imageAnalyzer.csproj", "{1EFD1E77-0D78-4686-8246-D329F1B419B8}"
EndProject
Project("{FAE04EC0-301F-11D3-BF4B-00C04F79EFBC}") = "FO.CLS", "..\FO.CLS\FO.CLS\FO.CLS.csproj", "{2D1015A8-0410-4697-AADD-40178513CECF}"
EndProject
Global
	GlobalSection(SolutionConfigurationPlatforms) = preSolution
		Debug|Any CPU = Debug|Any CPU
		Debug|ARM64 = Debug|ARM64
		Debug|x64 = Debug|x64
		Release|Any CPU = Release|Any CPU
		Release|ARM64 = Release|ARM64
		Release|x64 = Release|x64
	EndGlobalSection
	GlobalSection(ProjectConfigurationPlatforms) = postSolution
		{1EFD1E77-0D78-4686-8246-D329F1B419B8}.Debug|Any CPU.ActiveCfg = Debug|Any CPU
		{1EFD1E77-0D78-4686-8246-D329F1B419B8}.Debug|Any CPU.Build.0 = Debug|Any CPU
		{1EFD1E77-0D78-4686-8246-D329F1B419B8}.Debug|ARM64.ActiveCfg = Debug|ARM64
		{1EFD1E77-0D78-4686-8246-D329F1B419B8}.Debug|ARM64.Build.0 = Debug|ARM64
		{1EFD1E77-0D78-4686-8246-D329F1B419B8}.Debug|x64.ActiveCfg = Debug|x64
		{1EFD1E77-0D78-4686-8246-D329F1B419B8}.Debug|x64.Build.0 = Debug|x64
		{1EFD1E77-0D78-4686-8246-D329F1B419B8}.Release|Any CPU.ActiveCfg = Release|Any CPU
		{1EFD1E77-0D78-4686-8246-D329F1B419B8}.Release|Any CPU.Build.0 = Release|Any CPU
		{1EFD1E77-0D78-4686-8246-D329F1B419B8}.Release|ARM64.ActiveCfg = Release|ARM64
		{1EFD1E77-0D78-4686-8246-D329F1B419B8}.Release|ARM64.Build.0 = Release|ARM64
		{1EFD1E77-0D78-4686-8246-D329F1B419B8}.Release|x64.ActiveCfg = Release|x64
		{1EFD1E77-0D78-4686-8246-D329F1B419B8}.Release|x64.Build.0 = Release|x64
		{2D1015A8-0410-4697-AADD-40178513CECF}.Debug|Any CPU.ActiveCfg = Debug|Any CPU
		{2D1015A8-0410-4697-AADD-40178513CECF}.Debug|Any CPU.Build.0 = Debug|Any CPU
		{2D1015A8-0410-4697-AADD-40178513CECF}.Debug|ARM64.ActiveCfg = Debug|Any CPU
		{2D1015A8-0410-4697-AADD-40178513CECF}.Debug|ARM64.Build.0 = Debug|Any CPU
		{2D1015A8-0410-4697-AADD-40178513CECF}.Debug|x64.ActiveCfg = Debug|Any CPU
		{2D1015A8-0410-4697-AADD-40178513CECF}.Debug|x64.Build.0 = Debug|Any CPU
		{2D1015A8-0410-4697-AADD-40178513CECF}.Release|Any CPU.ActiveCfg = Release|Any CPU
		{2D1015A8-0410-4697-AADD-40178513CECF}.Release|Any CPU.Build.0 = Release|Any CPU
		{2D1015A8-0410-4697-AADD-40178513CECF}.Release|ARM64.ActiveCfg = Release|Any CPU
		{2D1015A8-0410-4697-AADD-40178513CECF}.Release|ARM64.Build.0 = Release|Any CPU
		{2D1015A8-0410-4697-AADD-40178513CECF}.Release|x64.ActiveCfg = Release|Any CPU
		{2D1015A8-0410-4697-AADD-40178513CECF}.Release|x64.Build.0 = Release|Any CPU
	EndGlobalSection
	GlobalSection(SolutionProperties) = preSolution
		HideSolutionNode = FALSE
	EndGlobalSection
	GlobalSection(ExtensibilityGlobals) = postSolution
		SolutionGuid = {36E842BC-0660-4D2A-B855-9ECF1FA6806F}
	EndGlobalSection
EndGlobal
